
Microsoft Visual Studio Solution File, Format Version 12.00
# Visual Studio Version 16
VisualStudioVersion = 16.0.33130.400
MinimumVisualStudioVersion = 10.0.40219.1
Project("{9A19103F-16F7-4668-BE54-9A1E7A4F7556}") = "MarginCoinML", "MarginCoinML\MarginCoinML.csproj", "{62EA48DD-C5E8-4F9E-B1DE-213847522B47}"
EndProject
Global
	GlobalSection(SolutionConfigurationPlatforms) = preSolution
		Debug|Any CPU = Debug|Any CPU
		Release|Any CPU = Release|Any CPU
	EndGlobalSection
	GlobalSection(ProjectConfigurationPlatforms) = postSolution
		{62EA48DD-C5E8-4F9E-B1DE-213847522B47}.Debug|Any CPU.ActiveCfg = Debug|Any CPU
		{62EA48DD-C5E8-4F9E-B1DE-213847522B47}.Debug|Any CPU.Build.0 = Debug|Any CPU
		{62EA48DD-C5E8-4F9E-B1DE-213847522B47}.Release|Any CPU.ActiveCfg = Release|Any CPU
		{62EA48DD-C5E8-4F9E-B1DE-213847522B47}.Release|Any CPU.Build.0 = Release|Any CPU
	EndGlobalSection
	GlobalSection(SolutionProperties) = preSolution
		HideSolutionNode = FALSE
	EndGlobalSection
	GlobalSection(ExtensibilityGlobals) = postSolution
		SolutionGuid = {514F6F75-57CC-4F8E-AB72-8914DDC68957}
	EndGlobalSection
EndGlobal
